<Solution>
  <Folder Name="/external/" />
  <Folder Name="/external/ArxisStudio.Controls/" />
  <Folder Name="/external/ArxisStudio.Controls/src/">
    <Project Path="external/ArxisStudio.Controls/src/ArxisStudio.Controls.csproj" />
  </Folder>
  <Folder Name="/external/ArxisStudio.Themes.Arxis/" />
  <Folder Name="/external/ArxisStudio.Themes.Arxis/src/">
    <Project Path="external/ArxisStudio.Themes.Arxis/src/ArxisStudio.Themes.Arxis.csproj" />
  </Folder>
  <Folder Name="/src/">
    <Project Path="src/ArxisStudio.Extensibility/ArxisStudio.Extensibility.csproj" />
    <Project Path="src/ArxisStudio.Sdk/ArxisStudio.Sdk.csproj" />
    <Project Path="src/ArxisStudio.Sdk.Analyzers/ArxisStudio.Sdk.Analyzers.csproj" />
    <Project Path="src/ArxisStudio.Shell/ArxisStudio.Shell.csproj" />
    <Project Path="src/Modules/ArxisStudio.Modules.Designer/ArxisStudio.Modules.Designer.csproj" />
    <Project Path="src/ArxisStudio/ArxisStudio.csproj" />
  </Folder>
  <Folder Name="/samples/">
    <Project Path="samples/Arxis.HelloPlugin/Arxis.HelloPlugin.csproj" />
  </Folder>
  <Folder Name="/tests/">
    <Project Path="tests/ArxisStudio.Tests/ArxisStudio.Tests.csproj" />
  </Folder>
  <Folder Name="/tests/fixtures/">
    <Project Path="tests/fixtures/DesignFixtureApp/DesignFixtureApp.csproj" />
  </Folder>
</Solution>
